
Microsoft Visual Studio Solution File, Format Version 12.00
# 
Project("{FAE04EC0-301F-11D3-BF4B-00C04F79EFBC}") = "TodoList", "TodoList\TodoList.csproj", "{2B885855-1F8A-4F09-9306-9C5EC4C65AB2}"
EndProject
Project("{FAE04EC0-301F-11D3-BF4B-00C04F79EFBC}") = "Types", "Types\Types.csproj", "{77A8B723-6BAF-4CD3-A2F1-3686038B9956}"
EndProject
Project("{FAE04EC0-301F-11D3-BF4B-00C04F79EFBC}") = "Tests", "Tests\Tests.csproj", "{27356D4F-57CD-47B9-B07E-DD957EBBC511}"
EndProject
Project("{FAE04EC0-301F-11D3-BF4B-00C04F79EFBC}") = "MainApp", "MainApp\MainApp.csproj", "{5A9A61CC-0063-4A72-BA2E-3FE9E78772FB}"
EndProject
Project("{FAE04EC0-301F-11D3-BF4B-00C04F79EFBC}") = "ConsoleApp", "ConsoleApp\ConsoleApp.csproj", "{234F2C22-D870-4DA2-BEE2-A840FF29AE8A}"
EndProject
Project("{FAE04EC0-301F-11D3-BF4B-00C04F79EFBC}") = "RestWebApp", "RestWebApp\RestWebApp.csproj", "{A51CB362-0A3B-41E1-A41E-5A890C88E6FE}"
EndProject
Project("{FAE04EC0-301F-11D3-BF4B-00C04F79EFBC}") = "IApp", "IApp\IApp.csproj", "{2670AC2F-B7EA-428B-A683-E92FBFA5770F}"
EndProject
Project("{FAE04EC0-301F-11D3-BF4B-00C04F79EFBC}") = "GuiApp", "GuiApp\GuiApp.csproj", "{EF83D109-53E3-41FC-80E1-67AC4870CAC8}"
EndProject
Global
	GlobalSection(SolutionConfigurationPlatforms) = preSolution
		Debug|Any CPU = Debug|Any CPU
		Release|Any CPU = Release|Any CPU
	EndGlobalSection
	GlobalSection(ProjectConfigurationPlatforms) = postSolution
		{2B885855-1F8A-4F09-9306-9C5EC4C65AB2}.Debug|Any CPU.ActiveCfg = Debug|Any CPU
		{2B885855-1F8A-4F09-9306-9C5EC4C65AB2}.Debug|Any CPU.Build.0 = Debug|Any CPU
		{2B885855-1F8A-4F09-9306-9C5EC4C65AB2}.Release|Any CPU.ActiveCfg = Release|Any CPU
		{2B885855-1F8A-4F09-9306-9C5EC4C65AB2}.Release|Any CPU.Build.0 = Release|Any CPU
		{77A8B723-6BAF-4CD3-A2F1-3686038B9956}.Debug|Any CPU.ActiveCfg = Debug|Any CPU
		{77A8B723-6BAF-4CD3-A2F1-3686038B9956}.Debug|Any CPU.Build.0 = Debug|Any CPU
		{77A8B723-6BAF-4CD3-A2F1-3686038B9956}.Release|Any CPU.ActiveCfg = Release|Any CPU
		{77A8B723-6BAF-4CD3-A2F1-3686038B9956}.Release|Any CPU.Build.0 = Release|Any CPU
		{27356D4F-57CD-47B9-B07E-DD957EBBC511}.Debug|Any CPU.ActiveCfg = Debug|Any CPU
		{27356D4F-57CD-47B9-B07E-DD957EBBC511}.Debug|Any CPU.Build.0 = Debug|Any CPU
		{27356D4F-57CD-47B9-B07E-DD957EBBC511}.Release|Any CPU.ActiveCfg = Release|Any CPU
		{27356D4F-57CD-47B9-B07E-DD957EBBC511}.Release|Any CPU.Build.0 = Release|Any CPU
		{5A9A61CC-0063-4A72-BA2E-3FE9E78772FB}.Debug|Any CPU.ActiveCfg = Debug|Any CPU
		{5A9A61CC-0063-4A72-BA2E-3FE9E78772FB}.Debug|Any CPU.Build.0 = Debug|Any CPU
		{5A9A61CC-0063-4A72-BA2E-3FE9E78772FB}.Release|Any CPU.ActiveCfg = Release|Any CPU
		{5A9A61CC-0063-4A72-BA2E-3FE9E78772FB}.Release|Any CPU.Build.0 = Release|Any CPU
		{234F2C22-D870-4DA2-BEE2-A840FF29AE8A}.Debug|Any CPU.ActiveCfg = Debug|Any CPU
		{234F2C22-D870-4DA2-BEE2-A840FF29AE8A}.Debug|Any CPU.Build.0 = Debug|Any CPU
		{234F2C22-D870-4DA2-BEE2-A840FF29AE8A}.Release|Any CPU.ActiveCfg = Release|Any CPU
		{234F2C22-D870-4DA2-BEE2-A840FF29AE8A}.Release|Any CPU.Build.0 = Release|Any CPU
		{A51CB362-0A3B-41E1-A41E-5A890C88E6FE}.Debug|Any CPU.ActiveCfg = Debug|Any CPU
		{A51CB362-0A3B-41E1-A41E-5A890C88E6FE}.Debug|Any CPU.Build.0 = Debug|Any CPU
		{A51CB362-0A3B-41E1-A41E-5A890C88E6FE}.Release|Any CPU.ActiveCfg = Release|Any CPU
		{A51CB362-0A3B-41E1-A41E-5A890C88E6FE}.Release|Any CPU.Build.0 = Release|Any CPU
		{2670AC2F-B7EA-428B-A683-E92FBFA5770F}.Debug|Any CPU.ActiveCfg = Debug|Any CPU
		{2670AC2F-B7EA-428B-A683-E92FBFA5770F}.Debug|Any CPU.Build.0 = Debug|Any CPU
		{2670AC2F-B7EA-428B-A683-E92FBFA5770F}.Release|Any CPU.ActiveCfg = Release|Any CPU
		{2670AC2F-B7EA-428B-A683-E92FBFA5770F}.Release|Any CPU.Build.0 = Release|Any CPU
		{D7AB3CC9-75A6-4B27-855B-67243CA58BEB}.Debug|Any CPU.ActiveCfg = Debug|Any CPU
		{D7AB3CC9-75A6-4B27-855B-67243CA58BEB}.Debug|Any CPU.Build.0 = Debug|Any CPU
		{D7AB3CC9-75A6-4B27-855B-67243CA58BEB}.Release|Any CPU.ActiveCfg = Release|Any CPU
		{D7AB3CC9-75A6-4B27-855B-67243CA58BEB}.Release|Any CPU.Build.0 = Release|Any CPU
		{EF83D109-53E3-41FC-80E1-67AC4870CAC8}.Debug|Any CPU.ActiveCfg = Debug|Any CPU
		{EF83D109-53E3-41FC-80E1-67AC4870CAC8}.Debug|Any CPU.Build.0 = Debug|Any CPU
		{EF83D109-53E3-41FC-80E1-67AC4870CAC8}.Release|Any CPU.ActiveCfg = Release|Any CPU
		{EF83D109-53E3-41FC-80E1-67AC4870CAC8}.Release|Any CPU.Build.0 = Release|Any CPU
	EndGlobalSection
EndGlobal
